
Microsoft Visual Studio Solution File, Format Version 11.00
# Visual C# Express 2010
Project("{FAE04EC0-301F-11D3-BF4B-00C04F79EFBC}") = "HelloGame", "HelloGame\HelloGame\HelloGame.csproj", "{A1FAA6C5-27EF-44C3-818C-B82F423C30A9}"
EndProject
Project("{FAE04EC0-301F-11D3-BF4B-00C04F79EFBC}") = "HelloGameContent", "HelloGame\HelloGameContent\HelloGameContent.contentproj", "{AE956C53-4E72-4DDB-ABC9-761075852D63}"
EndProject
Project("{FAE04EC0-301F-11D3-BF4B-00C04F79EFBC}") = "CuteGame", "CuteGame\CuteGame\CuteGame.csproj", "{FA803145-0189-463D-92B2-E5E570A1F59E}"
EndProject
Project("{FAE04EC0-301F-11D3-BF4B-00C04F79EFBC}") = "CuteGameContent", "CuteGame\CuteGameContent\CuteGameContent.contentproj", "{C3255F04-E09E-4BD2-AE15-F7B5128646B1}"
EndProject
Project("{FAE04EC0-301F-11D3-BF4B-00C04F79EFBC}") = "ShowcaseGame", "Showcase\Showcase\ShowcaseGame.csproj", "{EB957998-6D2B-4D33-965F-F1C8BCF67124}"
EndProject
Project("{FAE04EC0-301F-11D3-BF4B-00C04F79EFBC}") = "ShowcaseGameContent", "Showcase\ShowcaseContent\ShowcaseGameContent.contentproj", "{5D75393C-4A15-4EA3-A30E-4BB19FCFD0BF}"
EndProject
Project("{FAE04EC0-301F-11D3-BF4B-00C04F79EFBC}") = "PlayNContentImporter", "PlayNContentImporter\PlayNContentImporter.csproj", "{5758AEE3-1E7E-4707-B75C-DE85709414F0}"
EndProject
Project("{FAE04EC0-301F-11D3-BF4B-00C04F79EFBC}") = "TuxBlocksGame", "TuxBlocks\TuxBlocks\TuxBlocksGame.csproj", "{C90A93AD-1C32-4CE7-B56D-A64FB98DCB22}"
EndProject
Project("{FAE04EC0-301F-11D3-BF4B-00C04F79EFBC}") = "TuxBlocksGameContent", "TuxBlocks\TuxBlocksContent\TuxBlocksGameContent.contentproj", "{75A36A18-7677-4356-B73E-FB6F215D62B1}"
EndProject
Project("{FAE04EC0-301F-11D3-BF4B-00C04F79EFBC}") = "PlayNXNA", "PlayNXNA\PlayNXNA.csproj", "{72CE56D5-9A90-4827-A92A-CA3B2B39EE61}"
EndProject
Project("{FAE04EC0-301F-11D3-BF4B-00C04F79EFBC}") = "TestGame", "TestGame\TestGame\TestGame.csproj", "{553C99D5-5ED0-4871-87D6-08E39C466643}"
EndProject
Project("{96E2B04D-8817-42C6-938A-82C39BA4D311}") = "TestGameContent", "TestGame\TestGameContent\TestGameContent.contentproj", "{1A1D7696-FE2B-4EF4-AAFE-FF30567FA0FF}"
EndProject
Global
	GlobalSection(SolutionConfigurationPlatforms) = preSolution
		Debug|x86 = Debug|x86
		Release|x86 = Release|x86
	EndGlobalSection
	GlobalSection(ProjectConfigurationPlatforms) = postSolution
		{A1FAA6C5-27EF-44C3-818C-B82F423C30A9}.Debug|x86.ActiveCfg = Debug|x86
		{A1FAA6C5-27EF-44C3-818C-B82F423C30A9}.Debug|x86.Build.0 = Debug|x86
		{A1FAA6C5-27EF-44C3-818C-B82F423C30A9}.Release|x86.ActiveCfg = Release|x86
		{A1FAA6C5-27EF-44C3-818C-B82F423C30A9}.Release|x86.Build.0 = Release|x86
		{AE956C53-4E72-4DDB-ABC9-761075852D63}.Debug|x86.ActiveCfg = Debug|x86
		{AE956C53-4E72-4DDB-ABC9-761075852D63}.Release|x86.ActiveCfg = Release|x86
		{FA803145-0189-463D-92B2-E5E570A1F59E}.Debug|x86.ActiveCfg = Debug|x86
		{FA803145-0189-463D-92B2-E5E570A1F59E}.Debug|x86.Build.0 = Debug|x86
		{FA803145-0189-463D-92B2-E5E570A1F59E}.Release|x86.ActiveCfg = Release|x86
		{FA803145-0189-463D-92B2-E5E570A1F59E}.Release|x86.Build.0 = Release|x86
		{C3255F04-E09E-4BD2-AE15-F7B5128646B1}.Debug|x86.ActiveCfg = Debug|x86
		{C3255F04-E09E-4BD2-AE15-F7B5128646B1}.Release|x86.ActiveCfg = Release|x86
		{EB957998-6D2B-4D33-965F-F1C8BCF67124}.Debug|x86.ActiveCfg = Debug|x86
		{EB957998-6D2B-4D33-965F-F1C8BCF67124}.Debug|x86.Build.0 = Debug|x86
		{EB957998-6D2B-4D33-965F-F1C8BCF67124}.Release|x86.ActiveCfg = Release|x86
		{EB957998-6D2B-4D33-965F-F1C8BCF67124}.Release|x86.Build.0 = Release|x86
		{5D75393C-4A15-4EA3-A30E-4BB19FCFD0BF}.Debug|x86.ActiveCfg = Debug|x86
		{5D75393C-4A15-4EA3-A30E-4BB19FCFD0BF}.Release|x86.ActiveCfg = Release|x86
		{5758AEE3-1E7E-4707-B75C-DE85709414F0}.Debug|x86.ActiveCfg = Debug|x86
		{5758AEE3-1E7E-4707-B75C-DE85709414F0}.Debug|x86.Build.0 = Debug|x86
		{5758AEE3-1E7E-4707-B75C-DE85709414F0}.Release|x86.ActiveCfg = Debug|x86
		{5758AEE3-1E7E-4707-B75C-DE85709414F0}.Release|x86.Build.0 = Debug|x86
		{C90A93AD-1C32-4CE7-B56D-A64FB98DCB22}.Debug|x86.ActiveCfg = Debug|x86
		{C90A93AD-1C32-4CE7-B56D-A64FB98DCB22}.Debug|x86.Build.0 = Debug|x86
		{C90A93AD-1C32-4CE7-B56D-A64FB98DCB22}.Release|x86.ActiveCfg = Release|x86
		{C90A93AD-1C32-4CE7-B56D-A64FB98DCB22}.Release|x86.Build.0 = Release|x86
		{75A36A18-7677-4356-B73E-FB6F215D62B1}.Debug|x86.ActiveCfg = Debug|x86
		{75A36A18-7677-4356-B73E-FB6F215D62B1}.Release|x86.ActiveCfg = Release|x86
		{72CE56D5-9A90-4827-A92A-CA3B2B39EE61}.Debug|x86.ActiveCfg = Debug|x86
		{72CE56D5-9A90-4827-A92A-CA3B2B39EE61}.Debug|x86.Build.0 = Debug|x86
		{72CE56D5-9A90-4827-A92A-CA3B2B39EE61}.Release|x86.ActiveCfg = Release|x86
		{72CE56D5-9A90-4827-A92A-CA3B2B39EE61}.Release|x86.Build.0 = Release|x86
		{553C99D5-5ED0-4871-87D6-08E39C466643}.Debug|x86.ActiveCfg = Debug|x86
		{553C99D5-5ED0-4871-87D6-08E39C466643}.Debug|x86.Build.0 = Debug|x86
		{553C99D5-5ED0-4871-87D6-08E39C466643}.Release|x86.ActiveCfg = Release|x86
		{553C99D5-5ED0-4871-87D6-08E39C466643}.Release|x86.Build.0 = Release|x86
		{1A1D7696-FE2B-4EF4-AAFE-FF30567FA0FF}.Debug|x86.ActiveCfg = Debug|x86
		{1A1D7696-FE2B-4EF4-AAFE-FF30567FA0FF}.Release|x86.ActiveCfg = Release|x86
	EndGlobalSection
	GlobalSection(SolutionProperties) = preSolution
		HideSolutionNode = FALSE
	EndGlobalSection
EndGlobal
