
Microsoft Visual Studio Solution File, Format Version 11.00
# Visual C# Express 2010
Project("{FAE04EC0-301F-11D3-BF4B-00C04F79EFBC}") = "PlayNXNA", "PlayNXNA\PlayNXNA\PlayNXNA.csproj", "{72CE56D5-9A90-4827-A92A-CA3B2B39EE61}"
EndProject
Project("{FAE04EC0-301F-11D3-BF4B-00C04F79EFBC}") = "PlayNXNAContent", "PlayNXNA\PlayNXNAContent\PlayNXNAContent.contentproj", "{19F0E54C-F31D-45F5-8FC4-B43CA389BAE7}"
EndProject
Project("{FAE04EC0-301F-11D3-BF4B-00C04F79EFBC}") = "HelloGame", "HelloGame\HelloGame\HelloGame.csproj", "{A1FAA6C5-27EF-44C3-818C-B82F423C30A9}"
EndProject
Project("{FAE04EC0-301F-11D3-BF4B-00C04F79EFBC}") = "HelloGameContent", "HelloGame\HelloGameContent\HelloGameContent.contentproj", "{AE956C53-4E72-4DDB-ABC9-761075852D63}"
EndProject
Project("{FAE04EC0-301F-11D3-BF4B-00C04F79EFBC}") = "CuteGame", "CuteGame\CuteGame\CuteGame.csproj", "{FA803145-0189-463D-92B2-E5E570A1F59E}"
EndProject
Project("{FAE04EC0-301F-11D3-BF4B-00C04F79EFBC}") = "CuteGameContent", "CuteGame\CuteGameContent\CuteGameContent.contentproj", "{C3255F04-E09E-4BD2-AE15-F7B5128646B1}"
EndProject
Project("{FAE04EC0-301F-11D3-BF4B-00C04F79EFBC}") = "Showcase", "Showcase\Showcase\Showcase.csproj", "{EB957998-6D2B-4D33-965F-F1C8BCF67124}"
EndProject
Project("{FAE04EC0-301F-11D3-BF4B-00C04F79EFBC}") = "ShowcaseContent", "Showcase\ShowcaseContent\ShowcaseContent.contentproj", "{5D75393C-4A15-4EA3-A30E-4BB19FCFD0BF}"
EndProject
Project("{FAE04EC0-301F-11D3-BF4B-00C04F79EFBC}") = "PlayNContentImporter", "PlayNContentImporter\PlayNContentImporter.csproj", "{5758AEE3-1E7E-4707-B75C-DE85709414F0}"
EndProject
Global
	GlobalSection(SolutionConfigurationPlatforms) = preSolution
		Debug|x86 = Debug|x86
		Release|x86 = Release|x86
	EndGlobalSection
	GlobalSection(ProjectConfigurationPlatforms) = postSolution
		{72CE56D5-9A90-4827-A92A-CA3B2B39EE61}.Debug|x86.ActiveCfg = Debug|x86
		{72CE56D5-9A90-4827-A92A-CA3B2B39EE61}.Debug|x86.Build.0 = Debug|x86
		{72CE56D5-9A90-4827-A92A-CA3B2B39EE61}.Release|x86.ActiveCfg = Release|x86
		{72CE56D5-9A90-4827-A92A-CA3B2B39EE61}.Release|x86.Build.0 = Release|x86
		{19F0E54C-F31D-45F5-8FC4-B43CA389BAE7}.Debug|x86.ActiveCfg = Debug|x86
		{19F0E54C-F31D-45F5-8FC4-B43CA389BAE7}.Release|x86.ActiveCfg = Release|x86
		{A1FAA6C5-27EF-44C3-818C-B82F423C30A9}.Debug|x86.ActiveCfg = Debug|x86
		{A1FAA6C5-27EF-44C3-818C-B82F423C30A9}.Debug|x86.Build.0 = Debug|x86
		{A1FAA6C5-27EF-44C3-818C-B82F423C30A9}.Release|x86.ActiveCfg = Release|x86
		{A1FAA6C5-27EF-44C3-818C-B82F423C30A9}.Release|x86.Build.0 = Release|x86
		{AE956C53-4E72-4DDB-ABC9-761075852D63}.Debug|x86.ActiveCfg = Debug|x86
		{AE956C53-4E72-4DDB-ABC9-761075852D63}.Release|x86.ActiveCfg = Release|x86
		{FA803145-0189-463D-92B2-E5E570A1F59E}.Debug|x86.ActiveCfg = Debug|x86
		{FA803145-0189-463D-92B2-E5E570A1F59E}.Debug|x86.Build.0 = Debug|x86
		{FA803145-0189-463D-92B2-E5E570A1F59E}.Release|x86.ActiveCfg = Release|x86
		{FA803145-0189-463D-92B2-E5E570A1F59E}.Release|x86.Build.0 = Release|x86
		{C3255F04-E09E-4BD2-AE15-F7B5128646B1}.Debug|x86.ActiveCfg = Debug|x86
		{C3255F04-E09E-4BD2-AE15-F7B5128646B1}.Release|x86.ActiveCfg = Release|x86
		{EB957998-6D2B-4D33-965F-F1C8BCF67124}.Debug|x86.ActiveCfg = Debug|x86
		{EB957998-6D2B-4D33-965F-F1C8BCF67124}.Debug|x86.Build.0 = Debug|x86
		{EB957998-6D2B-4D33-965F-F1C8BCF67124}.Release|x86.ActiveCfg = Release|x86
		{EB957998-6D2B-4D33-965F-F1C8BCF67124}.Release|x86.Build.0 = Release|x86
		{5D75393C-4A15-4EA3-A30E-4BB19FCFD0BF}.Debug|x86.ActiveCfg = Debug|x86
		{5D75393C-4A15-4EA3-A30E-4BB19FCFD0BF}.Release|x86.ActiveCfg = Release|x86
		{5758AEE3-1E7E-4707-B75C-DE85709414F0}.Debug|x86.ActiveCfg = Debug|x86
		{5758AEE3-1E7E-4707-B75C-DE85709414F0}.Debug|x86.Build.0 = Debug|x86
		{5758AEE3-1E7E-4707-B75C-DE85709414F0}.Release|x86.ActiveCfg = Debug|x86
		{5758AEE3-1E7E-4707-B75C-DE85709414F0}.Release|x86.Build.0 = Debug|x86
	EndGlobalSection
	GlobalSection(SolutionProperties) = preSolution
		HideSolutionNode = FALSE
	EndGlobalSection
EndGlobal
